
Microsoft Visual Studio Solution File, Format Version 12.00
# Visual Studio Version 17
VisualStudioVersion = 17.5.33516.290
MinimumVisualStudioVersion = 10.0.40219.1
Project("{888888A0-9F3D-457C-B088-3A5042F75D52}") = "mod3 chp6 chp7 class exercises", "mod3 chp6 chp7 class exercises\mod3 chp6 chp7 class exercises.pyproj", "{F471E9CD-B232-43ED-89ED-03577A17BA2D}"
EndProject
Global
	GlobalSection(SolutionConfigurationPlatforms) = preSolution
		Debug|Any CPU = Debug|Any CPU
		Release|Any CPU = Release|Any CPU
	EndGlobalSection
	GlobalSection(ProjectConfigurationPlatforms) = postSolution
		{F471E9CD-B232-43ED-89ED-03577A17BA2D}.Debug|Any CPU.ActiveCfg = Debug|Any CPU
		{F471E9CD-B232-43ED-89ED-03577A17BA2D}.Release|Any CPU.ActiveCfg = Release|Any CPU
	EndGlobalSection
	GlobalSection(SolutionProperties) = preSolution
		HideSolutionNode = FALSE
	EndGlobalSection
	GlobalSection(ExtensibilityGlobals) = postSolution
		SolutionGuid = {D378EB70-7225-4EDF-85E7-CF4BB743EAC3}
	EndGlobalSection
EndGlobal
